PODS:
  - CleanJSON (1.0.0)
  - Differentiator (4.0.1)
  - FBRetainCycleDetector (0.1.4)
  - MLeaksFinder (1.0.0):
    - FBRetainCycleDetector
  - RxCocoa (5.0.1):
    - RxRelay (~> 5)
    - RxSwift (~> 5)
  - RxDataSources (4.0.1):
    - Differentiator (~> 4.0)
    - RxCocoa (~> 5.0)
    - RxSwift (~> 5.0)
  - RxRelay (5.0.1):
    - RxSwift (~> 5)
  - RxSwift (5.0.1)

DEPENDENCIES:
  - CleanJSON
  - MLeaksFinder
  - RxCocoa
  - RxDataSources
  - RxSwift

SPEC REPOS:
  trunk:
    - CleanJSON
    - Differentiator
    - FBRetainCycleDetector
    - MLeaksFinder
    - RxCocoa
    - RxDataSources
    - RxRelay
    - RxSwift

SPEC CHECKSUMS:
  CleanJSON: 702dd619e1329c6399a579aa19af311acf47e461
  Differentiator: 886080237d9f87f322641dedbc5be257061b0602
  FBRetainCycleDetector: 46f8179bbb1c587deee3ea838a1a3ee02acf5015
  MLeaksFinder: 8c435bd2f6d070af18cff082b503b21adc130fc0
  RxCocoa: e741b9749968e8a143e2b787f1dfbff2b63d0a5c
  RxDataSources: efee07fa4de48477eca0a4611e6d11e2da9c1114
  RxRelay: 89d54507f4fd4d969e6ec1d4bd7f3673640b4640
  RxSwift: e2dc62b366a3adf6a0be44ba9f405efd4c94e0c4

PODFILE CHECKSUM: 12135392f85a6687b381b943055152a63b951703

COCOAPODS: 1.8.4
